
Microsoft Visual Studio Solution File, Format Version 12.00
# Visual Studio Version 17
VisualStudioVersion = 17.4.33403.182
MinimumVisualStudioVersion = 10.0.40219.1
Project("{FAE04EC0-301F-11D3-BF4B-00C04F79EFBC}") = "MerlinDuarte23-03-23", "MerlinDuarte23-03-23.csproj", "{1DCCF7B5-F910-43D0-91D0-6CCC6A1C8550}"
EndProject
Global
	GlobalSection(SolutionConfigurationPlatforms) = preSolution
		Debug|Any CPU = Debug|Any CPU
		Release|Any CPU = Release|Any CPU
	EndGlobalSection
	GlobalSection(ProjectConfigurationPlatforms) = postSolution
		{1DCCF7B5-F910-43D0-91D0-6CCC6A1C8550}.Debug|Any CPU.ActiveCfg = Debug|Any CPU
		{1DCCF7B5-F910-43D0-91D0-6CCC6A1C8550}.Debug|Any CPU.Build.0 = Debug|Any CPU
		{1DCCF7B5-F910-43D0-91D0-6CCC6A1C8550}.Release|Any CPU.ActiveCfg = Release|Any CPU
		{1DCCF7B5-F910-43D0-91D0-6CCC6A1C8550}.Release|Any CPU.Build.0 = Release|Any CPU
	EndGlobalSection
	GlobalSection(SolutionProperties) = preSolution
		HideSolutionNode = FALSE
	EndGlobalSection
	GlobalSection(ExtensibilityGlobals) = postSolution
		SolutionGuid = {475F729D-E87C-47B5-8700-FFBEA94E2FBB}
	EndGlobalSection
EndGlobal
